Microsoft Visual Studio Solution File, Format Version 8.00
Project("{8BC9CEB8-8B4A-11D0-8D11-00A0C91BC942}") = "vMacLink", "vMacLink.vcproj", "{567095AC-CD31-410F-8E9F-ED6D35AA805C}"
	ProjectSection(ProjectDependencies) = postProject
	EndProjectSection
EndProject
Global
	GlobalSection(SolutionConfiguration) = preSolution
		Debug = Debug
		Release = Release
	EndGlobalSection
	GlobalSection(ProjectDependencies) = postSolution
	EndGlobalSection
	GlobalSection(ProjectConfiguration) = postSolution
		{567095AC-CD31-410F-8E9F-ED6D35AA805C}.Debug.ActiveCfg = Debug|Win32
		{567095AC-CD31-410F-8E9F-ED6D35AA805C}.Debug.Build.0 = Debug|Win32
		{567095AC-CD31-410F-8E9F-ED6D35AA805C}.Release.ActiveCfg = Release|Win32
		{567095AC-CD31-410F-8E9F-ED6D35AA805C}.Release.Build.0 = Release|Win32
	EndGlobalSection
	GlobalSection(ExtensibilityGlobals) = postSolution
	EndGlobalSection
	GlobalSection(ExtensibilityAddIns) = postSolution
	EndGlobalSection
EndGlobal
